
Microsoft Visual Studio Solution File, Format Version 12.00
# Visual Studio Version 16
VisualStudioVersion = 16.0.30717.126
MinimumVisualStudioVersion = 10.0.40219.1
Project("{FAE04EC0-301F-11D3-BF4B-00C04F79EFBC}") = "OTMS_2", "OTMS_2\OTMS_2.csproj", "{EACD0E94-6B61-4B25-B871-BA7A084221E6}"
EndProject
Global
	GlobalSection(SolutionConfigurationPlatforms) = preSolution
		Debug|Any CPU = Debug|Any CPU
		Release|Any CPU = Release|Any CPU
	EndGlobalSection
	GlobalSection(ProjectConfigurationPlatforms) = postSolution
		{EACD0E94-6B61-4B25-B871-BA7A084221E6}.Debug|Any CPU.ActiveCfg = Debug|Any CPU
		{EACD0E94-6B61-4B25-B871-BA7A084221E6}.Debug|Any CPU.Build.0 = Debug|Any CPU
		{EACD0E94-6B61-4B25-B871-BA7A084221E6}.Release|Any CPU.ActiveCfg = Release|Any CPU
		{EACD0E94-6B61-4B25-B871-BA7A084221E6}.Release|Any CPU.Build.0 = Release|Any CPU
	EndGlobalSection
	GlobalSection(SolutionProperties) = preSolution
		HideSolutionNode = FALSE
	EndGlobalSection
	GlobalSection(ExtensibilityGlobals) = postSolution
		SolutionGuid = {27C86E9A-502E-439F-BF12-842A0F19E3A0}
	EndGlobalSection
EndGlobal
